
Microsoft Visual Studio Solution File, Format Version 12.00
# Visual Studio 15
VisualStudioVersion = 15.0.27428.2037
MinimumVisualStudioVersion = 10.0.40219.1
Project("{FAE04EC0-301F-11D3-BF4B-00C04F79EFBC}") = "AuctionSite", "WebApplication4\AuctionSite.csproj", "{9A0EE97D-F74A-4740-9D6C-5060FC6BB005}"
EndProject
Global
	GlobalSection(SolutionConfigurationPlatforms) = preSolution
		Debug|Any CPU = Debug|Any CPU
		Release|Any CPU = Release|Any CPU
	EndGlobalSection
	GlobalSection(ProjectConfigurationPlatforms) = postSolution
		{9A0EE97D-F74A-4740-9D6C-5060FC6BB005}.Debug|Any CPU.ActiveCfg = Debug|Any CPU
		{9A0EE97D-F74A-4740-9D6C-5060FC6BB005}.Debug|Any CPU.Build.0 = Debug|Any CPU
		{9A0EE97D-F74A-4740-9D6C-5060FC6BB005}.Release|Any CPU.ActiveCfg = Release|Any CPU
		{9A0EE97D-F74A-4740-9D6C-5060FC6BB005}.Release|Any CPU.Build.0 = Release|Any CPU
	EndGlobalSection
	GlobalSection(SolutionProperties) = preSolution
		HideSolutionNode = FALSE
	EndGlobalSection
	GlobalSection(ExtensibilityGlobals) = postSolution
		SolutionGuid = {CBA3724B-61BD-4223-96CA-6407ED7B9367}
	EndGlobalSection
EndGlobal
